
Microsoft Visual Studio Solution File, Format Version 12.00
# Visual Studio Version 16
VisualStudioVersion = 16.0.31729.503
MinimumVisualStudioVersion = 10.0.40219.1
Project("{FAE04EC0-301F-11D3-BF4B-00C04F79EFBC}") = "Tas Kagit Makas odevi", "Tas Kagit Makas odevi\Tas Kagit Makas odevi.csproj", "{2DDEA2EA-89BF-4671-8ED2-B391AB794808}"
EndProject
Global
	GlobalSection(SolutionConfigurationPlatforms) = preSolution
		Debug|Any CPU = Debug|Any CPU
		Release|Any CPU = Release|Any CPU
	EndGlobalSection
	GlobalSection(ProjectConfigurationPlatforms) = postSolution
		{2DDEA2EA-89BF-4671-8ED2-B391AB794808}.Debug|Any CPU.ActiveCfg = Debug|Any CPU
		{2DDEA2EA-89BF-4671-8ED2-B391AB794808}.Debug|Any CPU.Build.0 = Debug|Any CPU
		{2DDEA2EA-89BF-4671-8ED2-B391AB794808}.Release|Any CPU.ActiveCfg = Release|Any CPU
		{2DDEA2EA-89BF-4671-8ED2-B391AB794808}.Release|Any CPU.Build.0 = Release|Any CPU
	EndGlobalSection
	GlobalSection(SolutionProperties) = preSolution
		HideSolutionNode = FALSE
	EndGlobalSection
	GlobalSection(ExtensibilityGlobals) = postSolution
		SolutionGuid = {D487F6EE-12AB-4457-A595-8E368CCFD7FE}
	EndGlobalSection
EndGlobal
